
Microsoft Visual Studio Solution File, Format Version 12.00
# Visual Studio 15
VisualStudioVersion = 15.0.28010.2046
MinimumVisualStudioVersion = 10.0.40219.1
Project("{9A19103F-16F7-4668-BE54-9A1E7A4F7556}") = "Web", "Web\Web.csproj", "{DC7F4441-E909-47F9-B0A7-4171E8FB024B}"
EndProject
Project("{9A19103F-16F7-4668-BE54-9A1E7A4F7556}") = "Infrastructure", "Infrastructure\Infrastructure.csproj", "{5502D535-4942-4B8D-B8CE-DFCE22DB79AA}"
EndProject
Project("{9A19103F-16F7-4668-BE54-9A1E7A4F7556}") = "Core", "Core\Core.csproj", "{8F6AD4DA-011E-4A02-98AD-2F190279AC4A}"
EndProject
Project("{2150E333-8FDC-42A3-9474-1A3956D46DE8}") = "Tests", "Tests", "{E1C63A0B-6449-41EE-86E0-C365EDE59279}"
EndProject
Project("{FAE04EC0-301F-11D3-BF4B-00C04F79EFBC}") = "Core.Tests", "Core.Tests\Core.Tests.csproj", "{3E972543-6A49-4B22-9DE1-DA1D0B100489}"
EndProject
Global
	GlobalSection(SolutionConfigurationPlatforms) = preSolution
		Debug|Any CPU = Debug|Any CPU
		Release|Any CPU = Release|Any CPU
	EndGlobalSection
	GlobalSection(ProjectConfigurationPlatforms) = postSolution
		{DC7F4441-E909-47F9-B0A7-4171E8FB024B}.Debug|Any CPU.ActiveCfg = Debug|Any CPU
		{DC7F4441-E909-47F9-B0A7-4171E8FB024B}.Debug|Any CPU.Build.0 = Debug|Any CPU
		{DC7F4441-E909-47F9-B0A7-4171E8FB024B}.Release|Any CPU.ActiveCfg = Release|Any CPU
		{DC7F4441-E909-47F9-B0A7-4171E8FB024B}.Release|Any CPU.Build.0 = Release|Any CPU
		{5502D535-4942-4B8D-B8CE-DFCE22DB79AA}.Debug|Any CPU.ActiveCfg = Debug|Any CPU
		{5502D535-4942-4B8D-B8CE-DFCE22DB79AA}.Debug|Any CPU.Build.0 = Debug|Any CPU
		{5502D535-4942-4B8D-B8CE-DFCE22DB79AA}.Release|Any CPU.ActiveCfg = Release|Any CPU
		{5502D535-4942-4B8D-B8CE-DFCE22DB79AA}.Release|Any CPU.Build.0 = Release|Any CPU
		{8F6AD4DA-011E-4A02-98AD-2F190279AC4A}.Debug|Any CPU.ActiveCfg = Debug|Any CPU
		{8F6AD4DA-011E-4A02-98AD-2F190279AC4A}.Debug|Any CPU.Build.0 = Debug|Any CPU
		{8F6AD4DA-011E-4A02-98AD-2F190279AC4A}.Release|Any CPU.ActiveCfg = Release|Any CPU
		{8F6AD4DA-011E-4A02-98AD-2F190279AC4A}.Release|Any CPU.Build.0 = Release|Any CPU
		{3E972543-6A49-4B22-9DE1-DA1D0B100489}.Debug|Any CPU.ActiveCfg = Debug|Any CPU
		{3E972543-6A49-4B22-9DE1-DA1D0B100489}.Debug|Any CPU.Build.0 = Debug|Any CPU
		{3E972543-6A49-4B22-9DE1-DA1D0B100489}.Release|Any CPU.ActiveCfg = Release|Any CPU
		{3E972543-6A49-4B22-9DE1-DA1D0B100489}.Release|Any CPU.Build.0 = Release|Any CPU
	EndGlobalSection
	GlobalSection(SolutionProperties) = preSolution
		HideSolutionNode = FALSE
	EndGlobalSection
	GlobalSection(NestedProjects) = preSolution
		{3E972543-6A49-4B22-9DE1-DA1D0B100489} = {E1C63A0B-6449-41EE-86E0-C365EDE59279}
	EndGlobalSection
	GlobalSection(ExtensibilityGlobals) = postSolution
		SolutionGuid = {C20FB1BD-207B-4080-8AC8-B357638AECAA}
	EndGlobalSection
EndGlobal
