
Microsoft Visual Studio Solution File, Format Version 12.00
# Visual Studio 15
VisualStudioVersion = 15.0.28010.2046
MinimumVisualStudioVersion = 10.0.40219.1
Project("{FAE04EC0-301F-11D3-BF4B-00C04F79EFBC}") = "Web", "Web\Web.csproj", "{DC7F4441-E909-47F9-B0A7-4171E8FB024B}"
EndProject
Global
	GlobalSection(SolutionConfigurationPlatforms) = preSolution
		Debug|Any CPU = Debug|Any CPU
		Release|Any CPU = Release|Any CPU
	EndGlobalSection
	GlobalSection(ProjectConfigurationPlatforms) = postSolution
		{DC7F4441-E909-47F9-B0A7-4171E8FB024B}.Debug|Any CPU.ActiveCfg = Debug|Any CPU
		{DC7F4441-E909-47F9-B0A7-4171E8FB024B}.Debug|Any CPU.Build.0 = Debug|Any CPU
		{DC7F4441-E909-47F9-B0A7-4171E8FB024B}.Release|Any CPU.ActiveCfg = Release|Any CPU
		{DC7F4441-E909-47F9-B0A7-4171E8FB024B}.Release|Any CPU.Build.0 = Release|Any CPU
	EndGlobalSection
	GlobalSection(SolutionProperties) = preSolution
		HideSolutionNode = FALSE
	EndGlobalSection
	GlobalSection(ExtensibilityGlobals) = postSolution
		SolutionGuid = {C20FB1BD-207B-4080-8AC8-B357638AECAA}
	EndGlobalSection
EndGlobal
